
Microsoft Visual Studio Solution File, Format Version 12.00
# Visual Studio Version 17
VisualStudioVersion = 17.4.33103.184
MinimumVisualStudioVersion = 10.0.40219.1
Project("{FAE04EC0-301F-11D3-BF4B-00C04F79EFBC}") = "StringLibrary", "StringLibrary\StringLibrary.csproj", "{CEF34237-8F17-4C9D-8D46-231698B97438}"
EndProject
Project("{FAE04EC0-301F-11D3-BF4B-00C04F79EFBC}") = "ShowCase", "ShowCase\ShowCase.csproj", "{284FDB62-2F8D-4D28-996C-CFB035D2223A}"
EndProject
Global
	GlobalSection(SolutionConfigurationPlatforms) = preSolution
		Debug|Any CPU = Debug|Any CPU
		Release|Any CPU = Release|Any CPU
	EndGlobalSection
	GlobalSection(ProjectConfigurationPlatforms) = postSolution
		{CEF34237-8F17-4C9D-8D46-231698B97438}.Debug|Any CPU.ActiveCfg = Debug|Any CPU
		{CEF34237-8F17-4C9D-8D46-231698B97438}.Debug|Any CPU.Build.0 = Debug|Any CPU
		{CEF34237-8F17-4C9D-8D46-231698B97438}.Release|Any CPU.ActiveCfg = Release|Any CPU
		{CEF34237-8F17-4C9D-8D46-231698B97438}.Release|Any CPU.Build.0 = Release|Any CPU
		{284FDB62-2F8D-4D28-996C-CFB035D2223A}.Debug|Any CPU.ActiveCfg = Debug|Any CPU
		{284FDB62-2F8D-4D28-996C-CFB035D2223A}.Debug|Any CPU.Build.0 = Debug|Any CPU
		{284FDB62-2F8D-4D28-996C-CFB035D2223A}.Release|Any CPU.ActiveCfg = Release|Any CPU
		{284FDB62-2F8D-4D28-996C-CFB035D2223A}.Release|Any CPU.Build.0 = Release|Any CPU
	EndGlobalSection
	GlobalSection(SolutionProperties) = preSolution
		HideSolutionNode = FALSE
	EndGlobalSection
	GlobalSection(ExtensibilityGlobals) = postSolution
		SolutionGuid = {54674EF4-D5D5-4F8F-9508-6423DDF202A5}
	EndGlobalSection
EndGlobal
